{
  "name": "fmmh-home-options",
  "version": "1.0.0",
  "lockfileVersion": 1,
  "requires": true,
  "dependencies": {
    "jquery": {
      "version": "3.4.1",
      "resolved": "https://registry.npmjs.org/jquery/-/jquery-3.4.1.tgz",
      "integrity": "sha512-36+AdBzCL+y6qjw5Tx7HgzeGCzC81MDDgaUP8ld2zhx58HdqXGoBd+tHdrBMiyjGQs0Hxs/MLZTu/eHNJJuWPw=="
    },
    "jquery-jeditable": {
      "version": "2.0.13",
      "resolved": "https://registry.npmjs.org/jquery-jeditable/-/jquery-jeditable-2.0.13.tgz",
      "integrity": "sha512-rwHFJ7vrveoF4nxG9dpb6PizVmKUxnCbLHt8pSeEJENhf9gsdfyScVErgQplBjX4pEqt/pR+rSMK/b5IvuTEGA==",
      "requires": {
        "jquery": ">=3.4.0"
      }
    }
  }
}
